{
  "originHash" : "e840f87e50b1bb187db71c06741a5bf326b565137d050e92075fdf0c60269662",
  "pins" : [
    {
      "identity" : "nwc-mobile",
      "kind" : "remoteSourceControl",
      "location" : "https://github.com/ntheile/nwc-mobile",
      "state" : {
        "revision" : "da66ae20c5e8e46c4112cae9bec015cf6e461ca4"
      }
    }
  ],
  "version" : 3
}
