{
  "originHash" : "e840f87e50b1bb187db71c06741a5bf326b565137d050e92075fdf0c60269662",
  "pins" : [
    {
      "identity" : "nwc-mobile",
      "kind" : "remoteSourceControl",
      "location" : "https://github.com/ntheile/nwc-mobile",
      "state" : {
        "revision" : "ac3dea0a2114cc6d28b04a6f7fe32c611ca1c54d"
      }
    }
  ],
  "version" : 3
}
